
Microsoft Visual Studio Solution File, Format Version 12.00
# Visual Studio 15
VisualStudioVersion = 15.0.27130.2036
MinimumVisualStudioVersion = 10.0.40219.1
Project("{FAE04EC0-301F-11D3-BF4B-00C04F79EFBC}") = "Employees", "Employees\Employees.csproj", "{570235F3-27DC-45EC-9CFA-00ACC978308C}"
EndProject
Global
	GlobalSection(SolutionConfigurationPlatforms) = preSolution
		Debug|Any CPU = Debug|Any CPU
		Release|Any CPU = Release|Any CPU
	EndGlobalSection
	GlobalSection(ProjectConfigurationPlatforms) = postSolution
		{570235F3-27DC-45EC-9CFA-00ACC978308C}.Debug|Any CPU.ActiveCfg = Debug|Any CPU
		{570235F3-27DC-45EC-9CFA-00ACC978308C}.Debug|Any CPU.Build.0 = Debug|Any CPU
		{570235F3-27DC-45EC-9CFA-00ACC978308C}.Release|Any CPU.ActiveCfg = Release|Any CPU
		{570235F3-27DC-45EC-9CFA-00ACC978308C}.Release|Any CPU.Build.0 = Release|Any CPU
	EndGlobalSection
	GlobalSection(SolutionProperties) = preSolution
		HideSolutionNode = FALSE
	EndGlobalSection
	GlobalSection(ExtensibilityGlobals) = postSolution
		SolutionGuid = {24F80922-950D-4127-921B-1E3A3F89A9FF}
	EndGlobalSection
EndGlobal
